
Microsoft Visual Studio Solution File, Format Version 12.00
# Visual Studio Version 16
VisualStudioVersion = 16.0.30611.23
MinimumVisualStudioVersion = 10.0.40219.1
Project("{9A19103F-16F7-4668-BE54-9A1E7A4F7556}") = "InputOutput", "InputOutput\InputOutput.csproj", "{212CCDA0-1D18-44B7-A5AE-86B48DFEB634}"
EndProject
Project("{9A19103F-16F7-4668-BE54-9A1E7A4F7556}") = "NumericTypes", "NumericTypes\NumericTypes.csproj", "{8CDC0AF0-EA0F-45F1-A750-7712FF1661F5}"
EndProject
Project("{FAE04EC0-301F-11D3-BF4B-00C04F79EFBC}") = "MoreNumericTypes", "MoreNumericTypes\MoreNumericTypes.csproj", "{4FFFCC36-8EA7-43CE-80FB-E488FF380698}"
EndProject
Project("{FAE04EC0-301F-11D3-BF4B-00C04F79EFBC}") = "Strings", "Strings\Strings.csproj", "{76AE7019-D5CD-4BC2-A8DD-44961C3DA6DF}"
EndProject
Global
	GlobalSection(SolutionConfigurationPlatforms) = preSolution
		Debug|Any CPU = Debug|Any CPU
		Release|Any CPU = Release|Any CPU
	EndGlobalSection
	GlobalSection(ProjectConfigurationPlatforms) = postSolution
		{212CCDA0-1D18-44B7-A5AE-86B48DFEB634}.Debug|Any CPU.ActiveCfg = Debug|Any CPU
		{212CCDA0-1D18-44B7-A5AE-86B48DFEB634}.Debug|Any CPU.Build.0 = Debug|Any CPU
		{212CCDA0-1D18-44B7-A5AE-86B48DFEB634}.Release|Any CPU.ActiveCfg = Release|Any CPU
		{212CCDA0-1D18-44B7-A5AE-86B48DFEB634}.Release|Any CPU.Build.0 = Release|Any CPU
		{8CDC0AF0-EA0F-45F1-A750-7712FF1661F5}.Debug|Any CPU.ActiveCfg = Debug|Any CPU
		{8CDC0AF0-EA0F-45F1-A750-7712FF1661F5}.Debug|Any CPU.Build.0 = Debug|Any CPU
		{8CDC0AF0-EA0F-45F1-A750-7712FF1661F5}.Release|Any CPU.ActiveCfg = Release|Any CPU
		{8CDC0AF0-EA0F-45F1-A750-7712FF1661F5}.Release|Any CPU.Build.0 = Release|Any CPU
		{4FFFCC36-8EA7-43CE-80FB-E488FF380698}.Debug|Any CPU.ActiveCfg = Debug|Any CPU
		{4FFFCC36-8EA7-43CE-80FB-E488FF380698}.Debug|Any CPU.Build.0 = Debug|Any CPU
		{4FFFCC36-8EA7-43CE-80FB-E488FF380698}.Release|Any CPU.ActiveCfg = Release|Any CPU
		{4FFFCC36-8EA7-43CE-80FB-E488FF380698}.Release|Any CPU.Build.0 = Release|Any CPU
		{76AE7019-D5CD-4BC2-A8DD-44961C3DA6DF}.Debug|Any CPU.ActiveCfg = Debug|Any CPU
		{76AE7019-D5CD-4BC2-A8DD-44961C3DA6DF}.Debug|Any CPU.Build.0 = Debug|Any CPU
		{76AE7019-D5CD-4BC2-A8DD-44961C3DA6DF}.Release|Any CPU.ActiveCfg = Release|Any CPU
		{76AE7019-D5CD-4BC2-A8DD-44961C3DA6DF}.Release|Any CPU.Build.0 = Release|Any CPU
	EndGlobalSection
	GlobalSection(SolutionProperties) = preSolution
		HideSolutionNode = FALSE
	EndGlobalSection
	GlobalSection(ExtensibilityGlobals) = postSolution
		SolutionGuid = {17F05E2F-554E-41BF-B879-9B5918487F19}
	EndGlobalSection
EndGlobal
