
Microsoft Visual Studio Solution File, Format Version 12.00
# Visual Studio Version 16
VisualStudioVersion = 16.0.30611.23
MinimumVisualStudioVersion = 10.0.40219.1
Project("{FAE04EC0-301F-11D3-BF4B-00C04F79EFBC}") = "InputOutput", "InputOutput\InputOutput.csproj", "{212CCDA0-1D18-44B7-A5AE-86B48DFEB634}"
EndProject
Project("{FAE04EC0-301F-11D3-BF4B-00C04F79EFBC}") = "NumericTypes", "NumericTypes\NumericTypes.csproj", "{8CDC0AF0-EA0F-45F1-A750-7712FF1661F5}"
EndProject
Global
	GlobalSection(SolutionConfigurationPlatforms) = preSolution
		Debug|Any CPU = Debug|Any CPU
		Release|Any CPU = Release|Any CPU
	EndGlobalSection
	GlobalSection(ProjectConfigurationPlatforms) = postSolution
		{212CCDA0-1D18-44B7-A5AE-86B48DFEB634}.Debug|Any CPU.ActiveCfg = Debug|Any CPU
		{212CCDA0-1D18-44B7-A5AE-86B48DFEB634}.Debug|Any CPU.Build.0 = Debug|Any CPU
		{212CCDA0-1D18-44B7-A5AE-86B48DFEB634}.Release|Any CPU.ActiveCfg = Release|Any CPU
		{212CCDA0-1D18-44B7-A5AE-86B48DFEB634}.Release|Any CPU.Build.0 = Release|Any CPU
		{8CDC0AF0-EA0F-45F1-A750-7712FF1661F5}.Debug|Any CPU.ActiveCfg = Debug|Any CPU
		{8CDC0AF0-EA0F-45F1-A750-7712FF1661F5}.Debug|Any CPU.Build.0 = Debug|Any CPU
		{8CDC0AF0-EA0F-45F1-A750-7712FF1661F5}.Release|Any CPU.ActiveCfg = Release|Any CPU
		{8CDC0AF0-EA0F-45F1-A750-7712FF1661F5}.Release|Any CPU.Build.0 = Release|Any CPU
	EndGlobalSection
	GlobalSection(SolutionProperties) = preSolution
		HideSolutionNode = FALSE
	EndGlobalSection
	GlobalSection(ExtensibilityGlobals) = postSolution
		SolutionGuid = {17F05E2F-554E-41BF-B879-9B5918487F19}
	EndGlobalSection
EndGlobal
